
Microsoft Visual Studio Solution File, Format Version 12.00
# Visual Studio Version 17
VisualStudioVersion = 17.5.002.0
MinimumVisualStudioVersion = 10.0.40219.1
Project("{9A19103F-16F7-4668-BE54-9A1E7A4F7556}") = "DesafioPOO", "DesafioPOO.csproj", "{C993CD83-FEFD-4C72-8E1A-67BF2A2EEDCC}"
EndProject
Global
	GlobalSection(SolutionConfigurationPlatforms) = preSolution
		Debug|Any CPU = Debug|Any CPU
		Release|Any CPU = Release|Any CPU
	EndGlobalSection
	GlobalSection(ProjectConfigurationPlatforms) = postSolution
		{C993CD83-FEFD-4C72-8E1A-67BF2A2EEDCC}.Debug|Any CPU.ActiveCfg = Debug|Any CPU
		{C993CD83-FEFD-4C72-8E1A-67BF2A2EEDCC}.Debug|Any CPU.Build.0 = Debug|Any CPU
		{C993CD83-FEFD-4C72-8E1A-67BF2A2EEDCC}.Release|Any CPU.ActiveCfg = Release|Any CPU
		{C993CD83-FEFD-4C72-8E1A-67BF2A2EEDCC}.Release|Any CPU.Build.0 = Release|Any CPU
	EndGlobalSection
	GlobalSection(SolutionProperties) = preSolution
		HideSolutionNode = FALSE
	EndGlobalSection
	GlobalSection(ExtensibilityGlobals) = postSolution
		SolutionGuid = {5066981B-AD64-402F-A2E9-4BC71A410457}
	EndGlobalSection
EndGlobal
